
Microsoft Visual Studio Solution File, Format Version 12.00
# Visual Studio Version 16
VisualStudioVersion = 16.0.31515.178
MinimumVisualStudioVersion = 10.0.40219.1
Project("{2150E333-8FDC-42A3-9474-1A3956D46DE8}") = "Host", "Host", "{6964E72B-38B1-4C54-81FA-F8B310000D2A}"
EndProject
Project("{FAE04EC0-301F-11D3-BF4B-00C04F79EFBC}") = "API", "API\API.csproj", "{566E9B87-5807-4BBC-9217-6771960E1A90}"
EndProject
Project("{2150E333-8FDC-42A3-9474-1A3956D46DE8}") = "Modules", "Modules", "{A45B78FD-0D7C-46D8-A131-C486B5AD4AB7}"
EndProject
Project("{2150E333-8FDC-42A3-9474-1A3956D46DE8}") = "Catalog", "Catalog", "{2ED324D3-63F3-4573-BA32-870BAB8118DE}"
EndProject
Project("{2150E333-8FDC-42A3-9474-1A3956D46DE8}") = "Person", "Person", "{D9205BD5-5CAA-4DD9-BE20-4C56E4F98E6F}"
EndProject
Project("{2150E333-8FDC-42A3-9474-1A3956D46DE8}") = "Shared", "Shared", "{CB0E16F6-E92A-4049-A111-00BBCE52B4A1}"
EndProject
Project("{FAE04EC0-301F-11D3-BF4B-00C04F79EFBC}") = "Module.Catalog", "Module.Catalog\Module.Catalog.csproj", "{F8EE84DB-7557-46D7-9131-60104276FFA8}"
EndProject
Project("{FAE04EC0-301F-11D3-BF4B-00C04F79EFBC}") = "Module.Catalog.Core", "Module.Catalog.Core\Module.Catalog.Core.csproj", "{6B4DCDD2-5281-4970-AAE6-87867A34E1F9}"
EndProject
Project("{FAE04EC0-301F-11D3-BF4B-00C04F79EFBC}") = "Module.Catalog.Infrastructure", "Module.Catalog.Infrastructure\Module.Catalog.Infrastructure.csproj", "{E7ECA236-35F2-4C76-9C13-73971FEFB56A}"
EndProject
Project("{FAE04EC0-301F-11D3-BF4B-00C04F79EFBC}") = "Module.People", "Module.People\Module.People.csproj", "{F8B7B862-D855-4B4B-93E1-807154776E85}"
EndProject
Project("{FAE04EC0-301F-11D3-BF4B-00C04F79EFBC}") = "Module.People.Core", "Module.People.Core\Module.People.Core.csproj", "{9FA0957B-CB51-4C3C-890C-81DF7F128504}"
EndProject
Project("{FAE04EC0-301F-11D3-BF4B-00C04F79EFBC}") = "Module.People.Infrastructure", "Module.People.Infrastructure\Module.People.Infrastructure.csproj", "{5AB28EB6-353C-4E53-977C-BBF4C1357A25}"
EndProject
Project("{FAE04EC0-301F-11D3-BF4B-00C04F79EFBC}") = "Shared.Core", "Shared.Core\Shared.Core.csproj", "{E5798015-960A-48A0-BEE7-1847C53A881F}"
EndProject
Project("{FAE04EC0-301F-11D3-BF4B-00C04F79EFBC}") = "Shared.Infrastructure", "Shared.Infrastructure\Shared.Infrastructure.csproj", "{C5883FF9-7F3D-4EE1-9DE1-98003051F07D}"
EndProject
Project("{FAE04EC0-301F-11D3-BF4B-00C04F79EFBC}") = "Shared.Models", "Shared.Models\Shared.Models.csproj", "{8B29483E-6C96-491A-865F-D90B987118A7}"
EndProject
Global
	GlobalSection(SolutionConfigurationPlatforms) = preSolution
		Debug|Any CPU = Debug|Any CPU
		Release|Any CPU = Release|Any CPU
	EndGlobalSection
	GlobalSection(ProjectConfigurationPlatforms) = postSolution
		{566E9B87-5807-4BBC-9217-6771960E1A90}.Debug|Any CPU.ActiveCfg = Debug|Any CPU
		{566E9B87-5807-4BBC-9217-6771960E1A90}.Debug|Any CPU.Build.0 = Debug|Any CPU
		{566E9B87-5807-4BBC-9217-6771960E1A90}.Release|Any CPU.ActiveCfg = Release|Any CPU
		{566E9B87-5807-4BBC-9217-6771960E1A90}.Release|Any CPU.Build.0 = Release|Any CPU
		{F8EE84DB-7557-46D7-9131-60104276FFA8}.Debug|Any CPU.ActiveCfg = Debug|Any CPU
		{F8EE84DB-7557-46D7-9131-60104276FFA8}.Debug|Any CPU.Build.0 = Debug|Any CPU
		{F8EE84DB-7557-46D7-9131-60104276FFA8}.Release|Any CPU.ActiveCfg = Release|Any CPU
		{F8EE84DB-7557-46D7-9131-60104276FFA8}.Release|Any CPU.Build.0 = Release|Any CPU
		{6B4DCDD2-5281-4970-AAE6-87867A34E1F9}.Debug|Any CPU.ActiveCfg = Debug|Any CPU
		{6B4DCDD2-5281-4970-AAE6-87867A34E1F9}.Debug|Any CPU.Build.0 = Debug|Any CPU
		{6B4DCDD2-5281-4970-AAE6-87867A34E1F9}.Release|Any CPU.ActiveCfg = Release|Any CPU
		{6B4DCDD2-5281-4970-AAE6-87867A34E1F9}.Release|Any CPU.Build.0 = Release|Any CPU
		{E7ECA236-35F2-4C76-9C13-73971FEFB56A}.Debug|Any CPU.ActiveCfg = Debug|Any CPU
		{E7ECA236-35F2-4C76-9C13-73971FEFB56A}.Debug|Any CPU.Build.0 = Debug|Any CPU
		{E7ECA236-35F2-4C76-9C13-73971FEFB56A}.Release|Any CPU.ActiveCfg = Release|Any CPU
		{E7ECA236-35F2-4C76-9C13-73971FEFB56A}.Release|Any CPU.Build.0 = Release|Any CPU
		{F8B7B862-D855-4B4B-93E1-807154776E85}.Debug|Any CPU.ActiveCfg = Debug|Any CPU
		{F8B7B862-D855-4B4B-93E1-807154776E85}.Debug|Any CPU.Build.0 = Debug|Any CPU
		{F8B7B862-D855-4B4B-93E1-807154776E85}.Release|Any CPU.ActiveCfg = Release|Any CPU
		{F8B7B862-D855-4B4B-93E1-807154776E85}.Release|Any CPU.Build.0 = Release|Any CPU
		{9FA0957B-CB51-4C3C-890C-81DF7F128504}.Debug|Any CPU.ActiveCfg = Debug|Any CPU
		{9FA0957B-CB51-4C3C-890C-81DF7F128504}.Debug|Any CPU.Build.0 = Debug|Any CPU
		{9FA0957B-CB51-4C3C-890C-81DF7F128504}.Release|Any CPU.ActiveCfg = Release|Any CPU
		{9FA0957B-CB51-4C3C-890C-81DF7F128504}.Release|Any CPU.Build.0 = Release|Any CPU
		{5AB28EB6-353C-4E53-977C-BBF4C1357A25}.Debug|Any CPU.ActiveCfg = Debug|Any CPU
		{5AB28EB6-353C-4E53-977C-BBF4C1357A25}.Debug|Any CPU.Build.0 = Debug|Any CPU
		{5AB28EB6-353C-4E53-977C-BBF4C1357A25}.Release|Any CPU.ActiveCfg = Release|Any CPU
		{5AB28EB6-353C-4E53-977C-BBF4C1357A25}.Release|Any CPU.Build.0 = Release|Any CPU
		{E5798015-960A-48A0-BEE7-1847C53A881F}.Debug|Any CPU.ActiveCfg = Debug|Any CPU
		{E5798015-960A-48A0-BEE7-1847C53A881F}.Debug|Any CPU.Build.0 = Debug|Any CPU
		{E5798015-960A-48A0-BEE7-1847C53A881F}.Release|Any CPU.ActiveCfg = Release|Any CPU
		{E5798015-960A-48A0-BEE7-1847C53A881F}.Release|Any CPU.Build.0 = Release|Any CPU
		{C5883FF9-7F3D-4EE1-9DE1-98003051F07D}.Debug|Any CPU.ActiveCfg = Debug|Any CPU
		{C5883FF9-7F3D-4EE1-9DE1-98003051F07D}.Debug|Any CPU.Build.0 = Debug|Any CPU
		{C5883FF9-7F3D-4EE1-9DE1-98003051F07D}.Release|Any CPU.ActiveCfg = Release|Any CPU
		{C5883FF9-7F3D-4EE1-9DE1-98003051F07D}.Release|Any CPU.Build.0 = Release|Any CPU
		{8B29483E-6C96-491A-865F-D90B987118A7}.Debug|Any CPU.ActiveCfg = Debug|Any CPU
		{8B29483E-6C96-491A-865F-D90B987118A7}.Debug|Any CPU.Build.0 = Debug|Any CPU
		{8B29483E-6C96-491A-865F-D90B987118A7}.Release|Any CPU.ActiveCfg = Release|Any CPU
		{8B29483E-6C96-491A-865F-D90B987118A7}.Release|Any CPU.Build.0 = Release|Any CPU
	EndGlobalSection
	GlobalSection(SolutionProperties) = preSolution
		HideSolutionNode = FALSE
	EndGlobalSection
	GlobalSection(NestedProjects) = preSolution
		{566E9B87-5807-4BBC-9217-6771960E1A90} = {6964E72B-38B1-4C54-81FA-F8B310000D2A}
		{2ED324D3-63F3-4573-BA32-870BAB8118DE} = {A45B78FD-0D7C-46D8-A131-C486B5AD4AB7}
		{D9205BD5-5CAA-4DD9-BE20-4C56E4F98E6F} = {A45B78FD-0D7C-46D8-A131-C486B5AD4AB7}
		{F8EE84DB-7557-46D7-9131-60104276FFA8} = {2ED324D3-63F3-4573-BA32-870BAB8118DE}
		{6B4DCDD2-5281-4970-AAE6-87867A34E1F9} = {2ED324D3-63F3-4573-BA32-870BAB8118DE}
		{E7ECA236-35F2-4C76-9C13-73971FEFB56A} = {2ED324D3-63F3-4573-BA32-870BAB8118DE}
		{F8B7B862-D855-4B4B-93E1-807154776E85} = {D9205BD5-5CAA-4DD9-BE20-4C56E4F98E6F}
		{9FA0957B-CB51-4C3C-890C-81DF7F128504} = {D9205BD5-5CAA-4DD9-BE20-4C56E4F98E6F}
		{5AB28EB6-353C-4E53-977C-BBF4C1357A25} = {D9205BD5-5CAA-4DD9-BE20-4C56E4F98E6F}
		{E5798015-960A-48A0-BEE7-1847C53A881F} = {CB0E16F6-E92A-4049-A111-00BBCE52B4A1}
		{C5883FF9-7F3D-4EE1-9DE1-98003051F07D} = {CB0E16F6-E92A-4049-A111-00BBCE52B4A1}
		{8B29483E-6C96-491A-865F-D90B987118A7} = {CB0E16F6-E92A-4049-A111-00BBCE52B4A1}
	EndGlobalSection
	GlobalSection(ExtensibilityGlobals) = postSolution
		SolutionGuid = {5D27BB72-E0B5-4E24-9116-A52D741C6664}
	EndGlobalSection
EndGlobal
